// !$*UTF8*$!
{
	archiveVersion = 1;
	classes = {
	};
	objectVersion = 50;
	objects = {

/* Begin PBXBuildFile section */
		8DF1FE5924314CD100B3F6EC /* AppDelegate.swift in Sources */ = {isa = PBXBuildFile; fileRef = 8DF1FE5824314CD100B3F6EC /* AppDelegate.swift */; };
		8DF1FE5B24314CD100B3F6EC /* SceneDelegate.swift in Sources */ = {isa = PBXBuildFile; fileRef = 8DF1FE5A24314CD100B3F6EC /* SceneDelegate.swift */; };
		8DF1FE5D24314CD100B3F6EC /* ViewController.swift in Sources */ = {isa = PBXBuildFile; fileRef = 8DF1FE5C24314CD100B3F6EC /* ViewController.swift */; };
		8DF1FE6024314CD100B3F6EC /* Main.storyboard in Resources */ = {isa = PBXBuildFile; fileRef = 8DF1FE5E24314CD100B3F6EC /* Main.storyboard */; };
		8DF1FE6224314CD300B3F6EC /* Assets.xcassets in Resources */ = {isa = PBXBuildFile; fileRef = 8DF1FE6124314CD300B3F6EC /* Assets.xcassets */; };
		8DF1FE6524314CD300B3F6EC /* LaunchScreen.storyboard in Resources */ = {isa = PBXBuildFile; fileRef = 8DF1FE6324314CD300B3F6EC /* LaunchScreen.storyboard */; };
		8DF1FE7324314D2A00B3F6EC /* BankAppTests.swift in Sources */ = {isa = PBXBuildFile; fileRef = 8DF1FE7224314D2A00B3F6EC /* BankAppTests.swift */; };
		8DF1FE7C24314EB000B3F6EC /* Account.swift in Sources */ = {isa = PBXBuildFile; fileRef = 8DF1FE7B24314EB000B3F6EC /* Account.swift */; };
/* End PBXBuildFile section */

/* Begin PBXContainerItemProxy section */
		8DF1FE7524314D2A00B3F6EC /* PBXContainerItemProxy */ = {
			isa = PBXContainerItemProxy;
			containerPortal = 8DF1FE4D24314CD100B3F6EC /* Project object */;
			proxyType = 1;
			remoteGlobalIDString = 8DF1FE5424314CD100B3F6EC;
			remoteInfo = BankApp;
		};
/* End PBXContainerItemProxy section */

/* Begin PBXFileReference section */
		8DF1FE5524314CD100B3F6EC /* BankApp.app */ = {isa = PBXFileReference; explicitFileType = wrapper.application; includeInIndex = 0; path = BankApp.app; sourceTree = BUILT_PRODUCTS_DIR; };
		8DF1FE5824314CD100B3F6EC /* AppDelegate.swift */ = {isa = PBXFileReference; lastKnownFileType = sourcecode.swift; path = AppDelegate.swift; sourceTree = "<group>"; };
		8DF1FE5A24314CD100B3F6EC /* SceneDelegate.swift */ = {isa = PBXFileReference; lastKnownFileType = sourcecode.swift; path = SceneDelegate.swift; sourceTree = "<group>"; };
		8DF1FE5C24314CD100B3F6EC /* ViewController.swift */ = {isa = PBXFileReference; lastKnownFileType = sourcecode.swift; path = ViewController.swift; sourceTree = "<group>"; };
		8DF1FE5F24314CD100B3F6EC /* Base */ = {isa = PBXFileReference; lastKnownFileType = file.storyboard; name = Base; path = Base.lproj/Main.storyboard; sourceTree = "<group>"; };
		8DF1FE6124314CD300B3F6EC /* Assets.xcassets */ = {isa = PBXFileReference; lastKnownFileType = folder.assetcatalog; path = Assets.xcassets; sourceTree = "<group>"; };
		8DF1FE6424314CD300B3F6EC /* Base */ = {isa = PBXFileReference; lastKnownFileType = file.storyboard; name = Base; path = Base.lproj/LaunchScreen.storyboard; sourceTree = "<group>"; };
		8DF1FE6624314CD300B3F6EC /* Info.plist */ = {isa = PBXFileReference; lastKnownFileType = text.plist.xml; path = Info.plist; sourceTree = "<group>"; };
		8DF1FE7024314D2A00B3F6EC /* BankAppTests.xctest */ = {isa = PBXFileReference; explicitFileType = wrapper.cfbundle; includeInIndex = 0; path = BankAppTests.xctest; sourceTree = BUILT_PRODUCTS_DIR; };
		8DF1FE7224314D2A00B3F6EC /* BankAppTests.swift */ = {isa = PBXFileReference; lastKnownFileType = sourcecode.swift; path = BankAppTests.swift; sourceTree = "<group>"; };
		8DF1FE7424314D2A00B3F6EC /* Info.plist */ = {isa = PBXFileReference; lastKnownFileType = text.plist.xml; path = Info.plist; sourceTree = "<group>"; };
		8DF1FE7B24314EB000B3F6EC /* Account.swift */ = {isa = PBXFileReference; lastKnownFileType = sourcecode.swift; path = Account.swift; sourceTree = "<group>"; };
/* End PBXFileReference section */

/* Begin PBXFrameworksBuildPhase section */
		8DF1FE5224314CD100B3F6EC /* Frameworks */ = {
			isa = PBXFrameworksBuildPhase;
			buildActionMask = 2147483647;
			files = (
			);
			runOnlyForDeploymentPostprocessing = 0;
		};
		8DF1FE6D24314D2A00B3F6EC /* Frameworks */ = {
			isa = PBXFrameworksBuildPhase;
			buildActionMask = 2147483647;
			files = (
			);
			runOnlyForDeploymentPostprocessing = 0;
		};
/* End PBXFrameworksBuildPhase section */

/* Begin PBXGroup section */
		8DF1FE4C24314CD100B3F6EC = {
			isa = PBXGroup;
			children = (
				8DF1FE5724314CD100B3F6EC /* BankApp */,
				8DF1FE7124314D2A00B3F6EC /* BankAppTests */,
				8DF1FE5624314CD100B3F6EC /* Products */,
			);
			sourceTree = "<group>";
		};
		8DF1FE5624314CD100B3F6EC /* Products */ = {
			isa = PBXGroup;
			children = (
				8DF1FE5524314CD100B3F6EC /* BankApp.app */,
				8DF1FE7024314D2A00B3F6EC /* BankAppTests.xctest */,
			);
			name = Products;
			sourceTree = "<group>";
		};
		8DF1FE5724314CD100B3F6EC /* BankApp */ = {
			isa = PBXGroup;
			children = (
				8DF1FE7A24314EA600B3F6EC /* Models */,
				8DF1FE5824314CD100B3F6EC /* AppDelegate.swift */,
				8DF1FE5A24314CD100B3F6EC /* SceneDelegate.swift */,
				8DF1FE5C24314CD100B3F6EC /* ViewController.swift */,
				8DF1FE5E24314CD100B3F6EC /* Main.storyboard */,
				8DF1FE6124314CD300B3F6EC /* Assets.xcassets */,
				8DF1FE6324314CD300B3F6EC /* LaunchScreen.storyboard */,
				8DF1FE6624314CD300B3F6EC /* Info.plist */,
			);
			path = BankApp;
			sourceTree = "<group>";
		};
		8DF1FE7124314D2A00B3F6EC /* BankAppTests */ = {
			isa = PBXGroup;
			children = (
				8DF1FE7224314D2A00B3F6EC /* BankAppTests.swift */,
				8DF1FE7424314D2A00B3F6EC /* Info.plist */,
			);
			path = BankAppTests;
			sourceTree = "<group>";
		};
		8DF1FE7A24314EA600B3F6EC /* Models */ = {
			isa = PBXGroup;
			children = (
				8DF1FE7B24314EB000B3F6EC /* Account.swift */,
			);
			path = Models;
			sourceTree = "<group>";
		};
/* End PBXGroup section */

/* Begin PBXNativeTarget section */
		8DF1FE5424314CD100B3F6EC /* BankApp */ = {
			isa = PBXNativeTarget;
			buildConfigurationList = 8DF1FE6924314CD300B3F6EC /* Build configuration list for PBXNativeTarget "BankApp" */;
			buildPhases = (
				8DF1FE5124314CD100B3F6EC /* Sources */,
				8DF1FE5224314CD100B3F6EC /* Frameworks */,
				8DF1FE5324314CD100B3F6EC /* Resources */,
			);
			buildRules = (
			);
			dependencies = (
			);
			name = BankApp;
			productName = BankApp;
			productReference = 8DF1FE5524314CD100B3F6EC /* BankApp.app */;
			productType = "com.apple.product-type.application";
		};
		8DF1FE6F24314D2A00B3F6EC /* BankAppTests */ = {
			isa = PBXNativeTarget;
			buildConfigurationList = 8DF1FE7724314D2A00B3F6EC /* Build configuration list for PBXNativeTarget "BankAppTests" */;
			buildPhases = (
				8DF1FE6C24314D2A00B3F6EC /* Sources */,
				8DF1FE6D24314D2A00B3F6EC /* Frameworks */,
				8DF1FE6E24314D2A00B3F6EC /* Resources */,
			);
			buildRules = (
			);
			dependencies = (
				8DF1FE7624314D2A00B3F6EC /* PBXTargetDependency */,
			);
			name = BankAppTests;
			productName = BankAppTests;
			productReference = 8DF1FE7024314D2A00B3F6EC /* BankAppTests.xctest */;
			productType = "com.apple.product-type.bundle.unit-test";
		};
/* End PBXNativeTarget section */

/* Begin PBXProject section */
		8DF1FE4D24314CD100B3F6EC /* Project object */ = {
			isa = PBXProject;
			attributes = {
				LastSwiftUpdateCheck = 1140;
				LastUpgradeCheck = 1140;
				ORGANIZATIONNAME = "Mohammad Azam";
				TargetAttributes = {
					8DF1FE5424314CD100B3F6EC = {
						CreatedOnToolsVersion = 11.4;
					};
					8DF1FE6F24314D2A00B3F6EC = {
						CreatedOnToolsVersion = 11.4;
						TestTargetID = 8DF1FE5424314CD100B3F6EC;
					};
				};
			};
			buildConfigurationList = 8DF1FE5024314CD100B3F6EC /* Build configuration list for PBXProject "BankApp" */;
			compatibilityVersion = "Xcode 9.3";
			developmentRegion = en;
			hasScannedForEncodings = 0;
			knownRegions = (
				en,
				Base,
			);
			mainGroup = 8DF1FE4C24314CD100B3F6EC;
			productRefGroup = 8DF1FE5624314CD100B3F6EC /* Products */;
			projectDirPath = "";
			projectRoot = "";
			targets = (
				8DF1FE5424314CD100B3F6EC /* BankApp */,
				8DF1FE6F24314D2A00B3F6EC /* BankAppTests */,
			);
		};
/* End PBXProject section */

/* Begin PBXResourcesBuildPhase section */
		8DF1FE5324314CD100B3F6EC /* Resources */ = {
			isa = PBXResourcesBuildPhase;
			buildActionMask = 2147483647;
			files = (
				8DF1FE6524314CD300B3F6EC /* LaunchScreen.storyboard in Resources */,
				8DF1FE6224314CD300B3F6EC /* Assets.xcassets in Resources */,
				8DF1FE6024314CD100B3F6EC /* Main.storyboard in Resources */,
			);
			runOnlyForDeploymentPostprocessing = 0;
		};
		8DF1FE6E24314D2A00B3F6EC /* Resources */ = {
			isa = PBXResourcesBuildPhase;
			buildActionMask = 2147483647;
			files = (
			);
			runOnlyForDeploymentPostprocessing = 0;
		};
/* End PBXResourcesBuildPhase section */

/* Begin PBXSourcesBuildPhase section */
		8DF1FE5124314CD100B3F6EC /* Sources */ = {
			isa = PBXSourcesBuildPhase;
			buildActionMask = 2147483647;
			files = (
				8DF1FE5D24314CD100B3F6EC /* ViewController.swift in Sources */,
				8DF1FE7C24314EB000B3F6EC /* Account.swift in Sources */,
				8DF1FE5924314CD100B3F6EC /* AppDelegate.swift in Sources */,
				8DF1FE5B24314CD100B3F6EC /* SceneDelegate.swift in Sources */,
			);
			runOnlyForDeploymentPostprocessing = 0;
		};
		8DF1FE6C24314D2A00B3F6EC /* Sources */ = {
			isa = PBXSourcesBuildPhase;
			buildActionMask = 2147483647;
			files = (
				8DF1FE7324314D2A00B3F6EC /* BankAppTests.swift in Sources */,
			);
			runOnlyForDeploymentPostprocessing = 0;
		};
/* End PBXSourcesBuildPhase section */

/* Begin PBXTargetDependency section */
		8DF1FE7624314D2A00B3F6EC /* PBXTargetDependency */ = {
			isa = PBXTargetDependency;
			target = 8DF1FE5424314CD100B3F6EC /* BankApp */;
			targetProxy = 8DF1FE7524314D2A00B3F6EC /* PBXContainerItemProxy */;
		};
/* End PBXTargetDependency section */

/* Begin PBXVariantGroup section */
		8DF1FE5E24314CD100B3F6EC /* Main.storyboard */ = {
			isa = PBXVariantGroup;
			children = (
				8DF1FE5F24314CD100B3F6EC /* Base */,
			);
			name = Main.storyboard;
			sourceTree = "<group>";
		};
		8DF1FE6324314CD300B3F6EC /* LaunchScreen.storyboard */ = {
			isa = PBXVariantGroup;
			children = (
				8DF1FE6424314CD300B3F6EC /* Base */,
			);
			name = LaunchScreen.storyboard;
			sourceTree = "<group>";
		};
/* End PBXVariantGroup section */

/* Begin XCBuildConfiguration section */
		8DF1FE6724314CD300B3F6EC /* Debug */ = {
			isa = XCBuildConfiguration;
			buildSettings = {
				ALWAYS_SEARCH_USER_PATHS = NO;
				CLANG_ANALYZER_NONNULL = YES;
				CLANG_ANALYZER_NUMBER_OBJECT_CONVERSION = YES_AGGRESSIVE;
				CLANG_CXX_LANGUAGE_STANDARD = "gnu++14";
				CLANG_CXX_LIBRARY = "libc++";
				CLANG_ENABLE_MODULES = YES;
				CLANG_ENABLE_OBJC_ARC = YES;
				CLANG_ENABLE_OBJC_WEAK = YES;
				CLANG_WARN_BLOCK_CAPTURE_AUTORELEASING = YES;
				CLANG_WARN_BOOL_CONVERSION = YES;
				CLANG_WARN_COMMA = YES;
				CLANG_WARN_CONSTANT_CONVERSION = YES;
				CLANG_WARN_DEPRECATED_OBJC_IMPLEMENTATIONS = YES;
				CLANG_WARN_DIRECT_OBJC_ISA_USAGE = YES_ERROR;
				CLANG_WARN_DOCUMENTATION_COMMENTS = YES;
				CLANG_WARN_EMPTY_BODY = YES;
				CLANG_WARN_ENUM_CONVERSION = YES;
				CLANG_WARN_INFINITE_RECURSION = YES;
				CLANG_WARN_INT_CONVERSION = YES;
				CLANG_WARN_NON_LITERAL_NULL_CONVERSION = YES;
				CLANG_WARN_OBJC_IMPLICIT_RETAIN_SELF = YES;
				CLANG_WARN_OBJC_LITERAL_CONVERSION = YES;
				CLANG_WARN_OBJC_ROOT_CLASS = YES_ERROR;
				CLANG_WARN_RANGE_LOOP_ANALYSIS = YES;
				CLANG_WARN_STRICT_PROTOTYPES = YES;
				CLANG_WARN_SUSPICIOUS_MOVE = YES;
				CLANG_WARN_UNGUARDED_AVAILABILITY = YES_AGGRESSIVE;
				CLANG_WARN_UNREACHABLE_CODE = YES;
				CLANG_WARN__DUPLICATE_METHOD_MATCH = YES;
				COPY_PHASE_STRIP = NO;
				DEBUG_INFORMATION_FORMAT = dwarf;
				ENABLE_STRICT_OBJC_MSGSEND = YES;
				ENABLE_TESTABILITY = YES;
				GCC_C_LANGUAGE_STANDARD = gnu11;
				GCC_DYNAMIC_NO_PIC = NO;
				GCC_NO_COMMON_BLOCKS = YES;
				GCC_OPTIMIZATION_LEVEL = 0;
				GCC_PREPROCESSOR_DEFINITIONS = (
					"DEBUG=1",
					"$(inherited)",
				);
				GCC_WARN_64_TO_32_BIT_CONVERSION = YES;
				GCC_WARN_ABOUT_RETURN_TYPE = YES_ERROR;
				GCC_WARN_UNDECLARED_SELECTOR = YES;
				GCC_WARN_UNINITIALIZED_AUTOS = YES_AGGRESSIVE;
				GCC_WARN_UNUSED_FUNCTION = YES;
				GCC_WARN_UNUSED_VARIABLE = YES;
				IPHONEOS_DEPLOYMENT_TARGET = 13.4;
				MTL_ENABLE_DEBUG_INFO = INCLUDE_SOURCE;
				MTL_FAST_MATH = YES;
				ONLY_ACTIVE_ARCH = YES;
				SDKROOT = iphoneos;
				SWIFT_ACTIVE_COMPILATION_CONDITIONS = DEBUG;
				SWIFT_OPTIMIZATION_LEVEL = "-Onone";
			};
			name = Debug;
		};
		8DF1FE6824314CD300B3F6EC /* Release */ = {
			isa = XCBuildConfiguration;
			buildSettings = {
				ALWAYS_SEARCH_USER_PATHS = NO;
				CLANG_ANALYZER_NONNULL = YES;
				CLANG_ANALYZER_NUMBER_OBJECT_CONVERSION = YES_AGGRESSIVE;
				CLANG_CXX_LANGUAGE_STANDARD = "gnu++14";
				CLANG_CXX_LIBRARY = "libc++";
				CLANG_ENABLE_MODULES = YES;
				CLANG_ENABLE_OBJC_ARC = YES;
				CLANG_ENABLE_OBJC_WEAK = YES;
				CLANG_WARN_BLOCK_CAPTURE_AUTORELEASING = YES;
				CLANG_WARN_BOOL_CONVERSION = YES;
				CLANG_WARN_COMMA = YES;
				CLANG_WARN_CONSTANT_CONVERSION = YES;
				CLANG_WARN_DEPRECATED_OBJC_IMPLEMENTATIONS = YES;
				CLANG_WARN_DIRECT_OBJC_ISA_USAGE = YES_ERROR;
				CLANG_WARN_DOCUMENTATION_COMMENTS = YES;
				CLANG_WARN_EMPTY_BODY = YES;
				CLANG_WARN_ENUM_CONVERSION = YES;
				CLANG_WARN_INFINITE_RECURSION = YES;
				CLANG_WARN_INT_CONVERSION = YES;
				CLANG_WARN_NON_LITERAL_NULL_CONVERSION = YES;
				CLANG_WARN_OBJC_IMPLICIT_RETAIN_SELF = YES;
				CLANG_WARN_OBJC_LITERAL_CONVERSION = YES;
				CLANG_WARN_OBJC_ROOT_CLASS = YES_ERROR;
				CLANG_WARN_RANGE_LOOP_ANALYSIS = YES;
				CLANG_WARN_STRICT_PROTOTYPES = YES;
				CLANG_WARN_SUSPICIOUS_MOVE = YES;
				CLANG_WARN_UNGUARDED_AVAILABILITY = YES_AGGRESSIVE;
				CLANG_WARN_UNREACHABLE_CODE = YES;
				CLANG_WARN__DUPLICATE_METHOD_MATCH = YES;
				COPY_PHASE_STRIP = NO;
				DEBUG_INFORMATION_FORMAT = "dwarf-with-dsym";
				ENABLE_NS_ASSERTIONS = NO;
				ENABLE_STRICT_OBJC_MSGSEND = YES;
				GCC_C_LANGUAGE_STANDARD = gnu11;
				GCC_NO_COMMON_BLOCKS = YES;
				GCC_WARN_64_TO_32_BIT_CONVERSION = YES;
				GCC_WARN_ABOUT_RETURN_TYPE = YES_ERROR;
				GCC_WARN_UNDECLARED_SELECTOR = YES;
				GCC_WARN_UNINITIALIZED_AUTOS = YES_AGGRESSIVE;
				GCC_WARN_UNUSED_FUNCTION = YES;
				GCC_WARN_UNUSED_VARIABLE = YES;
				IPHONEOS_DEPLOYMENT_TARGET = 13.4;
				MTL_ENABLE_DEBUG_INFO = NO;
				MTL_FAST_MATH = YES;
				SDKROOT = iphoneos;
				SWIFT_COMPILATION_MODE = wholemodule;
				SWIFT_OPTIMIZATION_LEVEL = "-O";
				VALIDATE_PRODUCT = YES;
			};
			name = Release;
		};
		8DF1FE6A24314CD300B3F6EC /* Debug */ = {
			isa = XCBuildConfiguration;
			buildSettings = {
				ASSETCATALOG_COMPILER_APPICON_NAME = AppIcon;
				CODE_SIGN_STYLE = Automatic;
				DEVELOPMENT_TEAM = B2Q8EGNCQA;
				INFOPLIST_FILE = BankApp/Info.plist;
				LD_RUNPATH_SEARCH_PATHS = (
					"$(inherited)",
					"@executable_path/Frameworks",
				);
				PRODUCT_BUNDLE_IDENTIFIER = com.azamsharp.BankApp;
				PRODUCT_NAME = "$(TARGET_NAME)";
				SWIFT_VERSION = 5.0;
				TARGETED_DEVICE_FAMILY = "1,2";
			};
			name = Debug;
		};
		8DF1FE6B24314CD300B3F6EC /* Release */ = {
			isa = XCBuildConfiguration;
			buildSettings = {
				ASSETCATALOG_COMPILER_APPICON_NAME = AppIcon;
				CODE_SIGN_STYLE = Automatic;
				DEVELOPMENT_TEAM = B2Q8EGNCQA;
				INFOPLIST_FILE = BankApp/Info.plist;
				LD_RUNPATH_SEARCH_PATHS = (
					"$(inherited)",
					"@executable_path/Frameworks",
				);
				PRODUCT_BUNDLE_IDENTIFIER = com.azamsharp.BankApp;
				PRODUCT_NAME = "$(TARGET_NAME)";
				SWIFT_VERSION = 5.0;
				TARGETED_DEVICE_FAMILY = "1,2";
			};
			name = Release;
		};
		8DF1FE7824314D2A00B3F6EC /* Debug */ = {
			isa = XCBuildConfiguration;
			buildSettings = {
				BUNDLE_LOADER = "$(TEST_HOST)";
				CODE_SIGN_STYLE = Automatic;
				DEVELOPMENT_TEAM = B2Q8EGNCQA;
				INFOPLIST_FILE = BankAppTests/Info.plist;
				LD_RUNPATH_SEARCH_PATHS = (
					"$(inherited)",
					"@executable_path/Frameworks",
					"@loader_path/Frameworks",
				);
				PRODUCT_BUNDLE_IDENTIFIER = com.azamsharp.BankAppTests;
				PRODUCT_NAME = "$(TARGET_NAME)";
				SWIFT_VERSION = 5.0;
				TARGETED_DEVICE_FAMILY = "1,2";
				TEST_HOST = "$(BUILT_PRODUCTS_DIR)/BankApp.app/BankApp";
			};
			name = Debug;
		};
		8DF1FE7924314D2A00B3F6EC /* Release */ = {
			isa = XCBuildConfiguration;
			buildSettings = {
				BUNDLE_LOADER = "$(TEST_HOST)";
				CODE_SIGN_STYLE = Automatic;
				DEVELOPMENT_TEAM = B2Q8EGNCQA;
				INFOPLIST_FILE = BankAppTests/Info.plist;
				LD_RUNPATH_SEARCH_PATHS = (
					"$(inherited)",
					"@executable_path/Frameworks",
					"@loader_path/Frameworks",
				);
				PRODUCT_BUNDLE_IDENTIFIER = com.azamsharp.BankAppTests;
				PRODUCT_NAME = "$(TARGET_NAME)";
				SWIFT_VERSION = 5.0;
				TARGETED_DEVICE_FAMILY = "1,2";
				TEST_HOST = "$(BUILT_PRODUCTS_DIR)/BankApp.app/BankApp";
			};
			name = Release;
		};
/* End XCBuildConfiguration section */

/* Begin XCConfigurationList section */
		8DF1FE5024314CD100B3F6EC /* Build configuration list for PBXProject "BankApp" */ = {
			isa = XCConfigurationList;
			buildConfigurations = (
				8DF1FE6724314CD300B3F6EC /* Debug */,
				8DF1FE6824314CD300B3F6EC /* Release */,
			);
			defaultConfigurationIsVisible = 0;
			defaultConfigurationName = Release;
		};
		8DF1FE6924314CD300B3F6EC /* Build configuration list for PBXNativeTarget "BankApp" */ = {
			isa = XCConfigurationList;
			buildConfigurations = (
				8DF1FE6A24314CD300B3F6EC /* Debug */,
				8DF1FE6B24314CD300B3F6EC /* Release */,
			);
			defaultConfigurationIsVisible = 0;
			defaultConfigurationName = Release;
		};
		8DF1FE7724314D2A00B3F6EC /* Build configuration list for PBXNativeTarget "BankAppTests" */ = {
			isa = XCConfigurationList;
			buildConfigurations = (
				8DF1FE7824314D2A00B3F6EC /* Debug */,
				8DF1FE7924314D2A00B3F6EC /* Release */,
			);
			defaultConfigurationIsVisible = 0;
			defaultConfigurationName = Release;
		};
/* End XCConfigurationList section */
	};
	rootObject = 8DF1FE4D24314CD100B3F6EC /* Project object */;
}
